
Microsoft Visual Studio Solution File, Format Version 12.00
# Visual Studio Version 16
VisualStudioVersion = 16.0.33529.622
MinimumVisualStudioVersion = 10.0.40219.1
Project("{FAE04EC0-301F-11D3-BF4B-00C04F79EFBC}") = "examendbtglobal", "examendbtglobal.csproj", "{5B22CA94-AC09-4763-8F34-7273C2400439}"
EndProject
Global
	GlobalSection(SolutionConfigurationPlatforms) = preSolution
		Debug|Any CPU = Debug|Any CPU
		Release|Any CPU = Release|Any CPU
	EndGlobalSection
	GlobalSection(ProjectConfigurationPlatforms) = postSolution
		{5B22CA94-AC09-4763-8F34-7273C2400439}.Debug|Any CPU.ActiveCfg = Debug|Any CPU
		{5B22CA94-AC09-4763-8F34-7273C2400439}.Debug|Any CPU.Build.0 = Debug|Any CPU
		{5B22CA94-AC09-4763-8F34-7273C2400439}.Release|Any CPU.ActiveCfg = Release|Any CPU
		{5B22CA94-AC09-4763-8F34-7273C2400439}.Release|Any CPU.Build.0 = Release|Any CPU
	EndGlobalSection
	GlobalSection(SolutionProperties) = preSolution
		HideSolutionNode = FALSE
	EndGlobalSection
	GlobalSection(ExtensibilityGlobals) = postSolution
		SolutionGuid = {1CDA06B5-769E-4DCD-8535-8453C7157DBD}
	EndGlobalSection
EndGlobal
